<?xml version="1.0" encoding="utf-8"?>
<Project ToolsVersion="4.0" xmlns="http://schemas.microsoft.com/developer/msbuild/2003">
  <ItemGroup>
    <ClCompile Include="EyeOperator.cpp">
      <Filter>Sources Files</Filter>
    </ClCompile>
    <ClCompile Include="InitialCard_HZ.cpp">
      <Filter>Sources Files</Filter>
    </ClCompile>
    <ClCompile Include="InitialCard_HZDlg.cpp">
      <Filter>Sources Files</Filter>
    </ClCompile>
    <ClCompile Include="pcsc_operator.cpp">
      <Filter>Sources Files</Filter>
    </ClCompile>
    <ClCompile Include="TripleDES.cpp">
      <Filter>Sources Files</Filter>
    </ClCompile>
    <ClCompile Include="stdafx.cpp">
      <Filter>Sources Files</Filter>
    </ClCompile>
    <ClCompile Include="HisensePerso.cpp">
      <Filter>Sources Files</Filter>
    </ClCompile>
    <ClCompile Include="AppInitial.cpp">
      <Filter>Sources Files</Filter>
    </ClCompile>
    <ClCompile Include="ApplicationUtil.cpp">
      <Filter>Sources Files</Filter>
    </ClCompile>
  </ItemGroup>
  <ItemGroup>
    <ClInclude Include="EyeOperator.h">
      <Filter>Header Files</Filter>
    </ClInclude>
    <ClInclude Include="InitialCard_HZ.h">
      <Filter>Header Files</Filter>
    </ClInclude>
    <ClInclude Include="InitialCard_HZDlg.h">
      <Filter>Header Files</Filter>
    </ClInclude>
    <ClInclude Include="PCSC_Operator.h">
      <Filter>Header Files</Filter>
    </ClInclude>
    <ClInclude Include="Resource.h">
      <Filter>Header Files</Filter>
    </ClInclude>
    <ClInclude Include="targetver.h">
      <Filter>Header Files</Filter>
    </ClInclude>
    <ClInclude Include="TripleDES.h">
      <Filter>Header Files</Filter>
    </ClInclude>
    <ClInclude Include="stdafx.h">
      <Filter>Header Files</Filter>
    </ClInclude>
  </ItemGroup>
  <ItemGroup>
    <None Include="infinity.ico">
      <Filter>Resources</Filter>
    </None>
    <None Include="res\InitialCard_HZ.ico">
      <Filter>Resources</Filter>
    </None>
    <None Include="res\InitialCard_HZ.rc2">
      <Filter>Resources</Filter>
    </None>
    <None Include="ReadMe.txt">
      <Filter>Resources</Filter>
    </None>
  </ItemGroup>
  <ItemGroup>
    <Filter Include="Header Files">
      <UniqueIdentifier>{580d85e4-833d-4dc7-be00-4e497ffa1dc8}</UniqueIdentifier>
    </Filter>
    <Filter Include="Sources Files">
      <UniqueIdentifier>{c128e15e-7aaf-4302-9a4d-3d5805b7e86b}</UniqueIdentifier>
    </Filter>
    <Filter Include="Resources">
      <UniqueIdentifier>{bc4ad082-ef44-44b7-b9ff-0df720934e57}</UniqueIdentifier>
    </Filter>
  </ItemGroup>
  <ItemGroup>
    <ResourceCompile Include="InitialCard_HZ.rc">
      <Filter>Resources</Filter>
    </ResourceCompile>
  </ItemGroup>
</Project>